
Microsoft Visual Studio Solution File, Format Version 12.00
# Visual Studio Version 16
VisualStudioVersion = 16.0.31729.503
MinimumVisualStudioVersion = 10.0.40219.1
Project("{FAE04EC0-301F-11D3-BF4B-00C04F79EFBC}") = "pract2_1", "pract2_1\pract2_1.csproj", "{818B4187-5CF4-4AD3-8AD0-F0F52001C6D1}"
EndProject
Global
	GlobalSection(SolutionConfigurationPlatforms) = preSolution
		Debug|Any CPU = Debug|Any CPU
		Release|Any CPU = Release|Any CPU
	EndGlobalSection
	GlobalSection(ProjectConfigurationPlatforms) = postSolution
		{818B4187-5CF4-4AD3-8AD0-F0F52001C6D1}.Debug|Any CPU.ActiveCfg = Debug|Any CPU
		{818B4187-5CF4-4AD3-8AD0-F0F52001C6D1}.Debug|Any CPU.Build.0 = Debug|Any CPU
		{818B4187-5CF4-4AD3-8AD0-F0F52001C6D1}.Release|Any CPU.ActiveCfg = Release|Any CPU
		{818B4187-5CF4-4AD3-8AD0-F0F52001C6D1}.Release|Any CPU.Build.0 = Release|Any CPU
	EndGlobalSection
	GlobalSection(SolutionProperties) = preSolution
		HideSolutionNode = FALSE
	EndGlobalSection
	GlobalSection(ExtensibilityGlobals) = postSolution
		SolutionGuid = {DD902B2A-63DB-4755-AA2D-8740BC748519}
	EndGlobalSection
EndGlobal
